Microsoft Visual Studio Solution File, Format Version 12.00
# Visual Studio Version 17
VisualStudioVersion = 17.0.31903.59
MinimumVisualStudioVersion = 10.0.40219.1
Project("{FAE04EC0-301F-11D3-BF4B-00C04F79EFBC}") = "JobbKalk.Core", "src\JobbKalk.Core\JobbKalk.Core.csproj", "{06DD3F02-2F5E-4B45-9F30-326DCA2D2BB2}"
EndProject
Project("{FAE04EC0-301F-11D3-BF4B-00C04F79EFBC}") = "JobbKalk", "src\JobbKalk\JobbKalk.csproj", "{0B5CB574-FC1C-4CC4-93E4-025B24F69E07}"
EndProject
Project("{FAE04EC0-301F-11D3-BF4B-00C04F79EFBC}") = "JobbKalk.FormulaTests", "tests\JobbKalk.FormulaTests\JobbKalk.FormulaTests.csproj", "{E584BE76-D626-476E-9F34-4B2496526F90}"
EndProject
Global
	GlobalSection(SolutionConfigurationPlatforms) = preSolution
		Debug|Any CPU = Debug|Any CPU
		Release|Any CPU = Release|Any CPU
	EndGlobalSection
	GlobalSection(ProjectConfigurationPlatforms) = postSolution
		{06DD3F02-2F5E-4B45-9F30-326DCA2D2BB2}.Debug|Any CPU.ActiveCfg = Debug|Any CPU
		{06DD3F02-2F5E-4B45-9F30-326DCA2D2BB2}.Debug|Any CPU.Build.0 = Debug|Any CPU
		{06DD3F02-2F5E-4B45-9F30-326DCA2D2BB2}.Release|Any CPU.ActiveCfg = Release|Any CPU
		{06DD3F02-2F5E-4B45-9F30-326DCA2D2BB2}.Release|Any CPU.Build.0 = Release|Any CPU
		{0B5CB574-FC1C-4CC4-93E4-025B24F69E07}.Debug|Any CPU.ActiveCfg = Debug|Any CPU
		{0B5CB574-FC1C-4CC4-93E4-025B24F69E07}.Debug|Any CPU.Build.0 = Debug|Any CPU
		{0B5CB574-FC1C-4CC4-93E4-025B24F69E07}.Release|Any CPU.ActiveCfg = Release|Any CPU
		{0B5CB574-FC1C-4CC4-93E4-025B24F69E07}.Release|Any CPU.Build.0 = Release|Any CPU
		{E584BE76-D626-476E-9F34-4B2496526F90}.Debug|Any CPU.ActiveCfg = Debug|Any CPU
		{E584BE76-D626-476E-9F34-4B2496526F90}.Debug|Any CPU.Build.0 = Debug|Any CPU
		{E584BE76-D626-476E-9F34-4B2496526F90}.Release|Any CPU.ActiveCfg = Release|Any CPU
		{E584BE76-D626-476E-9F34-4B2496526F90}.Release|Any CPU.Build.0 = Release|Any CPU
	EndGlobalSection
EndGlobal
